
Microsoft Visual Studio Solution File, Format Version 12.00
# Visual Studio Version 16
VisualStudioVersion = 16.0.30309.148
MinimumVisualStudioVersion = 10.0.40219.1
Project("{FAE04EC0-301F-11D3-BF4B-00C04F79EFBC}") = "cooperationApp1", "cooperationApp1\cooperationApp1.csproj", "{78B6DE45-53D1-4169-BB20-5DA99D4B16BC}"
EndProject
Global
	GlobalSection(SolutionConfigurationPlatforms) = preSolution
		Debug|Any CPU = Debug|Any CPU
		Release|Any CPU = Release|Any CPU
	EndGlobalSection
	GlobalSection(ProjectConfigurationPlatforms) = postSolution
		{78B6DE45-53D1-4169-BB20-5DA99D4B16BC}.Debug|Any CPU.ActiveCfg = Debug|Any CPU
		{78B6DE45-53D1-4169-BB20-5DA99D4B16BC}.Debug|Any CPU.Build.0 = Debug|Any CPU
		{78B6DE45-53D1-4169-BB20-5DA99D4B16BC}.Debug|Any CPU.Deploy.0 = Debug|Any CPU
		{78B6DE45-53D1-4169-BB20-5DA99D4B16BC}.Release|Any CPU.ActiveCfg = Release|Any CPU
		{78B6DE45-53D1-4169-BB20-5DA99D4B16BC}.Release|Any CPU.Build.0 = Release|Any CPU
		{78B6DE45-53D1-4169-BB20-5DA99D4B16BC}.Release|Any CPU.Deploy.0 = Release|Any CPU
	EndGlobalSection
	GlobalSection(SolutionProperties) = preSolution
		HideSolutionNode = FALSE
	EndGlobalSection
	GlobalSection(ExtensibilityGlobals) = postSolution
		SolutionGuid = {0D3D4385-8D37-497B-BE6C-8CC7B43AE444}
	EndGlobalSection
EndGlobal
